
Microsoft Visual Studio Solution File, Format Version 12.00
# Visual Studio Version 17
VisualStudioVersion = 17.7.34024.191
MinimumVisualStudioVersion = 10.0.40219.1
Project("{F184B08F-C81C-45F6-A57F-5ABD9991F28F}") = "Agaba Car Connect", "Agaba Car Connect.vbproj", "{AD32D208-D05F-48E5-AF57-370DBCC50676}"
EndProject
Global
	GlobalSection(SolutionConfigurationPlatforms) = preSolution
		Debug|Any CPU = Debug|Any CPU
		Release|Any CPU = Release|Any CPU
	EndGlobalSection
	GlobalSection(ProjectConfigurationPlatforms) = postSolution
		{AD32D208-D05F-48E5-AF57-370DBCC50676}.Debug|Any CPU.ActiveCfg = Debug|Any CPU
		{AD32D208-D05F-48E5-AF57-370DBCC50676}.Debug|Any CPU.Build.0 = Debug|Any CPU
		{AD32D208-D05F-48E5-AF57-370DBCC50676}.Release|Any CPU.ActiveCfg = Release|Any CPU
		{AD32D208-D05F-48E5-AF57-370DBCC50676}.Release|Any CPU.Build.0 = Release|Any CPU
	EndGlobalSection
	GlobalSection(SolutionProperties) = preSolution
		HideSolutionNode = FALSE
	EndGlobalSection
	GlobalSection(ExtensibilityGlobals) = postSolution
		SolutionGuid = {5F998DA1-4DA4-44A9-9957-0002130A12FC}
	EndGlobalSection
EndGlobal
